
Microsoft Visual Studio Solution File, Format Version 12.00
# Visual Studio Version 16
VisualStudioVersion = 16.0.31205.134
MinimumVisualStudioVersion = 10.0.40219.1
Project("{FAE04EC0-301F-11D3-BF4B-00C04F79EFBC}") = "OrderApi", "OrderApi\OrderApi.csproj", "{12488A04-BBC5-4835-B67D-D2CEA00DAB3A}"
EndProject
Global
	GlobalSection(SolutionConfigurationPlatforms) = preSolution
		Debug|Any CPU = Debug|Any CPU
		Release|Any CPU = Release|Any CPU
	EndGlobalSection
	GlobalSection(ProjectConfigurationPlatforms) = postSolution
		{12488A04-BBC5-4835-B67D-D2CEA00DAB3A}.Debug|Any CPU.ActiveCfg = Debug|Any CPU
		{12488A04-BBC5-4835-B67D-D2CEA00DAB3A}.Debug|Any CPU.Build.0 = Debug|Any CPU
		{12488A04-BBC5-4835-B67D-D2CEA00DAB3A}.Release|Any CPU.ActiveCfg = Release|Any CPU
		{12488A04-BBC5-4835-B67D-D2CEA00DAB3A}.Release|Any CPU.Build.0 = Release|Any CPU
	EndGlobalSection
	GlobalSection(SolutionProperties) = preSolution
		HideSolutionNode = FALSE
	EndGlobalSection
	GlobalSection(ExtensibilityGlobals) = postSolution
		SolutionGuid = {FB828241-56DA-453A-B59E-CAC730BCB80A}
	EndGlobalSection
EndGlobal
